// !$*UTF8*$!
{
	archiveVersion = 1;
	classes = {
	};
	objectVersion = 56;
	objects = {

/* Begin PBXBuildFile section */
		CA36E2012AE3073700E075D8 /* FlightsDTO.swift in Sources */ = {isa = PBXBuildFile; fileRef = CA36E2002AE3073700E075D8 /* FlightsDTO.swift */; };
		CA36E2032AE3075800E075D8 /* StartLocationEntity.swift in Sources */ = {isa = PBXBuildFile; fileRef = CA36E2022AE3075800E075D8 /* StartLocationEntity.swift */; };
		CA36E2052AE3077800E075D8 /* StartLocationDTO.swift in Sources */ = {isa = PBXBuildFile; fileRef = CA36E2042AE3077800E075D8 /* StartLocationDTO.swift */; };
		CA36E2072AE307D200E075D8 /* Flights.swift in Sources */ = {isa = PBXBuildFile; fileRef = CA36E2062AE307D200E075D8 /* Flights.swift */; };
		CA36E20A2AE3099D00E075D8 /* HomeAPIDataSource.swift in Sources */ = {isa = PBXBuildFile; fileRef = CA36E2092AE3099D00E075D8 /* HomeAPIDataSource.swift */; };
		CA36E20D2AE30CE700E075D8 /* DomainAPIError.swift in Sources */ = {isa = PBXBuildFile; fileRef = CA36E20C2AE30CE700E075D8 /* DomainAPIError.swift */; };
		CA36E2102AE30D5200E075D8 /* HomeRepository.swift in Sources */ = {isa = PBXBuildFile; fileRef = CA36E20F2AE30D5200E075D8 /* HomeRepository.swift */; };
		CA36E2132AE310EB00E075D8 /* GetFlightsUseCase.swift in Sources */ = {isa = PBXBuildFile; fileRef = CA36E2122AE310EB00E075D8 /* GetFlightsUseCase.swift */; };
		CA4C8B4A2AE1C0A000BADA65 /* ContentView.swift in Sources */ = {isa = PBXBuildFile; fileRef = CA4C8B492AE1C0A000BADA65 /* ContentView.swift */; };
		CA4C8B4C2AE1C0A000BADA65 /* Item.swift in Sources */ = {isa = PBXBuildFile; fileRef = CA4C8B4B2AE1C0A000BADA65 /* Item.swift */; };
		CA4C8B4E2AE1C0A100BADA65 /* Assets.xcassets in Resources */ = {isa = PBXBuildFile; fileRef = CA4C8B4D2AE1C0A100BADA65 /* Assets.xcassets */; };
		CA4C8B512AE1C0A100BADA65 /* Preview Assets.xcassets in Resources */ = {isa = PBXBuildFile; fileRef = CA4C8B502AE1C0A100BADA65 /* Preview Assets.xcassets */; };
		CA4C8B5B2AE1C0A100BADA65 /* FlightAppTests.swift in Sources */ = {isa = PBXBuildFile; fileRef = CA4C8B5A2AE1C0A100BADA65 /* FlightAppTests.swift */; };
		CA4C8B652AE1C0A100BADA65 /* FlightAppUITests.swift in Sources */ = {isa = PBXBuildFile; fileRef = CA4C8B642AE1C0A100BADA65 /* FlightAppUITests.swift */; };
		CA4C8B672AE1C0A100BADA65 /* FlightAppUITestsLaunchTests.swift in Sources */ = {isa = PBXBuildFile; fileRef = CA4C8B662AE1C0A100BADA65 /* FlightAppUITestsLaunchTests.swift */; };
		CA4C8BA92AE1D11600BADA65 /* HomeEndpoint.swift in Sources */ = {isa = PBXBuildFile; fileRef = CA4C8BA82AE1D11600BADA65 /* HomeEndpoint.swift */; };
		CA4C8BAE2AE1D1ED00BADA65 /* HomeViewModel.swift in Sources */ = {isa = PBXBuildFile; fileRef = CA4C8BAD2AE1D1ED00BADA65 /* HomeViewModel.swift */; };
		CA4C8BC72AE280F800BADA65 /* NetworkConstants.swift in Sources */ = {isa = PBXBuildFile; fileRef = CA4C8BC62AE280F800BADA65 /* NetworkConstants.swift */; };
		CA4C8BCA2AE293E700BADA65 /* HomeNetworkProvider.swift in Sources */ = {isa = PBXBuildFile; fileRef = CA4C8BC92AE293E700BADA65 /* HomeNetworkProvider.swift */; };
		CAADEE792AE32D0E00E9947C /* NetworkService.xcframework in Frameworks */ = {isa = PBXBuildFile; fileRef = CAADEE782AE32D0E00E9947C /* NetworkService.xcframework */; };
		CAADEE7A2AE32D0E00E9947C /* NetworkService.xcframework in Embed Frameworks */ = {isa = PBXBuildFile; fileRef = CAADEE782AE32D0E00E9947C /* NetworkService.xcframework */; settings = {ATTRIBUTES = (CodeSignOnCopy, RemoveHeadersOnCopy, ); }; };
		CAADEEB42AE3F7EB00E9947C /* AppDelegate.swift in Sources */ = {isa = PBXBuildFile; fileRef = CAADEEB32AE3F7EB00E9947C /* AppDelegate.swift */; };
		CAADEEB72AE3F80400E9947C /* SceneDelegate.swift in Sources */ = {isa = PBXBuildFile; fileRef = CAADEEB62AE3F80400E9947C /* SceneDelegate.swift */; };
		CAADEEB82AE3F83100E9947C /* Coordinator.framework in Frameworks */ = {isa = PBXBuildFile; fileRef = CAADEEA62AE3F09F00E9947C /* Coordinator.framework */; };
		CAADEEB92AE3F83100E9947C /* Coordinator.framework in Embed Frameworks */ = {isa = PBXBuildFile; fileRef = CAADEEA62AE3F09F00E9947C /* Coordinator.framework */; settings = {ATTRIBUTES = (CodeSignOnCopy, RemoveHeadersOnCopy, ); }; };
		CAADEEBC2AE3F84900E9947C /* HomeRouter.swift in Sources */ = {isa = PBXBuildFile; fileRef = CAADEEBB2AE3F84900E9947C /* HomeRouter.swift */; };
		CAADEEC02AE4080F00E9947C /* CoordinatorFactory.swift in Sources */ = {isa = PBXBuildFile; fileRef = CAADEEBF2AE4080F00E9947C /* CoordinatorFactory.swift */; };
		CAADEEC32AE4086D00E9947C /* HomeViewFactory.swift in Sources */ = {isa = PBXBuildFile; fileRef = CAADEEC22AE4086D00E9947C /* HomeViewFactory.swift */; };
		CAADEEE12AE55FCE00E9947C /* ManagerFactory.swift in Sources */ = {isa = PBXBuildFile; fileRef = CAADEEE02AE55FCE00E9947C /* ManagerFactory.swift */; };
		CAADEF252AE5758500E9947C /* libKeychainManager.a in Frameworks */ = {isa = PBXBuildFile; fileRef = CAADEF242AE5757F00E9947C /* libKeychainManager.a */; };
		CAADEF2B2AE57CCA00E9947C /* LocationManager.swift in Sources */ = {isa = PBXBuildFile; fileRef = CAADEF2A2AE57CCA00E9947C /* LocationManager.swift */; };
		CAADEF3B2AE58F4B00E9947C /* TokenManager.framework in Frameworks */ = {isa = PBXBuildFile; fileRef = CAADEF332AE58F4A00E9947C /* TokenManager.framework */; };
		CAADEF422AE58F4B00E9947C /* TokenManagerTests.swift in Sources */ = {isa = PBXBuildFile; fileRef = CAADEF412AE58F4B00E9947C /* TokenManagerTests.swift */; };
		CAADEF432AE58F4B00E9947C /* TokenManager.h in Headers */ = {isa = PBXBuildFile; fileRef = CAADEF352AE58F4A00E9947C /* TokenManager.h */; settings = {ATTRIBUTES = (Public, ); }; };
		CAADEF462AE58F4B00E9947C /* TokenManager.framework in Frameworks */ = {isa = PBXBuildFile; fileRef = CAADEF332AE58F4A00E9947C /* TokenManager.framework */; };
		CAADEF472AE58F4B00E9947C /* TokenManager.framework in Embed Frameworks */ = {isa = PBXBuildFile; fileRef = CAADEF332AE58F4A00E9947C /* TokenManager.framework */; settings = {ATTRIBUTES = (CodeSignOnCopy, RemoveHeadersOnCopy, ); }; };
		CAADEF4E2AE58F5400E9947C /* NetworkService.xcframework in Frameworks */ = {isa = PBXBuildFile; fileRef = CAADEE782AE32D0E00E9947C /* NetworkService.xcframework */; };
		CAADEF4F2AE58F5400E9947C /* NetworkService.xcframework in Embed Frameworks */ = {isa = PBXBuildFile; fileRef = CAADEE782AE32D0E00E9947C /* NetworkService.xcframework */; settings = {ATTRIBUTES = (CodeSignOnCopy, RemoveHeadersOnCopy, ); }; };
		CAADEF512AE58F5A00E9947C /* libKeychainManager.a in Frameworks */ = {isa = PBXBuildFile; fileRef = CAADEF242AE5757F00E9947C /* libKeychainManager.a */; };
		CAADEF542AE58FAE00E9947C /* TokenManager.swift in Sources */ = {isa = PBXBuildFile; fileRef = CAADEF532AE58FAE00E9947C /* TokenManager.swift */; };
		CAADEF5B2AE5905F00E9947C /* UserData.swift in Sources */ = {isa = PBXBuildFile; fileRef = CAADEF5A2AE5905F00E9947C /* UserData.swift */; };
		CAADEF5D2AE5907400E9947C /* NetworkConstants.swift in Sources */ = {isa = PBXBuildFile; fileRef = CAADEF5C2AE5907400E9947C /* NetworkConstants.swift */; };
		CAADEF5F2AE5911000E9947C /* TokenEndpoint.swift in Sources */ = {isa = PBXBuildFile; fileRef = CAADEF5E2AE5911000E9947C /* TokenEndpoint.swift */; };
		CAADEF632AE5914500E9947C /* APIConstants.swift in Sources */ = {isa = PBXBuildFile; fileRef = CAADEF622AE5914500E9947C /* APIConstants.swift */; };
		CAADEF652AE5921300E9947C /* APIKeyModel.swift in Sources */ = {isa = PBXBuildFile; fileRef = CAADEF642AE5921300E9947C /* APIKeyModel.swift */; };
		CAADEF672AE592D200E9947C /* TokenProvider.swift in Sources */ = {isa = PBXBuildFile; fileRef = CAADEF662AE592D200E9947C /* TokenProvider.swift */; };
		CAADEF6A2AE594E400E9947C /* TokenManagerKey.swift in Sources */ = {isa = PBXBuildFile; fileRef = CAADEF692AE594E400E9947C /* TokenManagerKey.swift */; };
		CAADEF6D2AE5969100E9947C /* AppManager.swift in Sources */ = {isa = PBXBuildFile; fileRef = CAADEF6C2AE5969100E9947C /* AppManager.swift */; };
		CAADEF702AE59BCE00E9947C /* TokenManagerFactory.swift in Sources */ = {isa = PBXBuildFile; fileRef = CAADEF6F2AE59BCE00E9947C /* TokenManagerFactory.swift */; };
/* End PBXBuildFile section */

/* Begin PBXContainerItemProxy section */
		CA4C8B572AE1C0A100BADA65 /* PBXContainerItemProxy */ = {
			isa = PBXContainerItemProxy;
			containerPortal = CA4C8B3C2AE1C0A000BADA65 /* Project object */;
			proxyType = 1;
			remoteGlobalIDString = CA4C8B432AE1C0A000BADA65;
			remoteInfo = FlightApp;
		};
		CA4C8B612AE1C0A100BADA65 /* PBXContainerItemProxy */ = {
			isa = PBXContainerItemProxy;
			containerPortal = CA4C8B3C2AE1C0A000BADA65 /* Project object */;
			proxyType = 1;
			remoteGlobalIDString = CA4C8B432AE1C0A000BADA65;
			remoteInfo = FlightApp;
		};
		CAADEEA52AE3F09F00E9947C /* PBXContainerItemProxy */ = {
			isa = PBXContainerItemProxy;
			containerPortal = CAADEEA02AE3F09F00E9947C /* Coordinator.xcodeproj */;
			proxyType = 2;
			remoteGlobalIDString = CAADEE872AE3F07D00E9947C;
			remoteInfo = Coordinator;
		};
		CAADEEA72AE3F09F00E9947C /* PBXContainerItemProxy */ = {
			isa = PBXContainerItemProxy;
			containerPortal = CAADEEA02AE3F09F00E9947C /* Coordinator.xcodeproj */;
			proxyType = 2;
			remoteGlobalIDString = CAADEE8F2AE3F07D00E9947C;
			remoteInfo = CoordinatorTests;
		};
		CAADEF232AE5757F00E9947C /* PBXContainerItemProxy */ = {
			isa = PBXContainerItemProxy;
			containerPortal = CAADEF1F2AE5757F00E9947C /* KeychainManager.xcodeproj */;
			proxyType = 2;
			remoteGlobalIDString = CAADEF152AE5755E00E9947C;
			remoteInfo = KeychainManager;
		};
		CAADEF3C2AE58F4B00E9947C /* PBXContainerItemProxy */ = {
			isa = PBXContainerItemProxy;
			containerPortal = CA4C8B3C2AE1C0A000BADA65 /* Project object */;
			proxyType = 1;
			remoteGlobalIDString = CAADEF322AE58F4A00E9947C;
			remoteInfo = TokenManager;
		};
		CAADEF3E2AE58F4B00E9947C /* PBXContainerItemProxy */ = {
			isa = PBXContainerItemProxy;
			containerPortal = CA4C8B3C2AE1C0A000BADA65 /* Project object */;
			proxyType = 1;
			remoteGlobalIDString = CA4C8B432AE1C0A000BADA65;
			remoteInfo = FlightApp;
		};
		CAADEF442AE58F4B00E9947C /* PBXContainerItemProxy */ = {
			isa = PBXContainerItemProxy;
			containerPortal = CA4C8B3C2AE1C0A000BADA65 /* Project object */;
			proxyType = 1;
			remoteGlobalIDString = CAADEF322AE58F4A00E9947C;
			remoteInfo = TokenManager;
		};
/* End PBXContainerItemProxy section */

/* Begin PBXCopyFilesBuildPhase section */
		CAADEE722AE3262600E9947C /* Embed Frameworks */ = {
			isa = PBXCopyFilesBuildPhase;
			buildActionMask = 2147483647;
			dstPath = "";
			dstSubfolderSpec = 10;
			files = (
				CAADEE7A2AE32D0E00E9947C /* NetworkService.xcframework in Embed Frameworks */,
				CAADEEB92AE3F83100E9947C /* Coordinator.framework in Embed Frameworks */,
				CAADEF472AE58F4B00E9947C /* TokenManager.framework in Embed Frameworks */,
			);
			name = "Embed Frameworks";
			runOnlyForDeploymentPostprocessing = 0;
		};
		CAADEF502AE58F5400E9947C /* Embed Frameworks */ = {
			isa = PBXCopyFilesBuildPhase;
			buildActionMask = 2147483647;
			dstPath = "";
			dstSubfolderSpec = 10;
			files = (
				CAADEF4F2AE58F5400E9947C /* NetworkService.xcframework in Embed Frameworks */,
			);
			name = "Embed Frameworks";
			runOnlyForDeploymentPostprocessing = 0;
		};
/* End PBXCopyFilesBuildPhase section */

/* Begin PBXFileReference section */
		CA36E2002AE3073700E075D8 /* FlightsDTO.swift */ = {isa = PBXFileReference; lastKnownFileType = sourcecode.swift; path = FlightsDTO.swift; sourceTree = "<group>"; };
		CA36E2022AE3075800E075D8 /* StartLocationEntity.swift */ = {isa = PBXFileReference; lastKnownFileType = sourcecode.swift; path = StartLocationEntity.swift; sourceTree = "<group>"; };
		CA36E2042AE3077800E075D8 /* StartLocationDTO.swift */ = {isa = PBXFileReference; lastKnownFileType = sourcecode.swift; path = StartLocationDTO.swift; sourceTree = "<group>"; };
		CA36E2062AE307D200E075D8 /* Flights.swift */ = {isa = PBXFileReference; lastKnownFileType = sourcecode.swift; path = Flights.swift; sourceTree = "<group>"; };
		CA36E2092AE3099D00E075D8 /* HomeAPIDataSource.swift */ = {isa = PBXFileReference; lastKnownFileType = sourcecode.swift; path = HomeAPIDataSource.swift; sourceTree = "<group>"; };
		CA36E20C2AE30CE700E075D8 /* DomainAPIError.swift */ = {isa = PBXFileReference; lastKnownFileType = sourcecode.swift; path = DomainAPIError.swift; sourceTree = "<group>"; };
		CA36E20F2AE30D5200E075D8 /* HomeRepository.swift */ = {isa = PBXFileReference; lastKnownFileType = sourcecode.swift; path = HomeRepository.swift; sourceTree = "<group>"; };
		CA36E2122AE310EB00E075D8 /* GetFlightsUseCase.swift */ = {isa = PBXFileReference; lastKnownFileType = sourcecode.swift; path = GetFlightsUseCase.swift; sourceTree = "<group>"; };
		CA36E2492AE31D5000E075D8 /* Info.plist */ = {isa = PBXFileReference; lastKnownFileType = text.plist; path = Info.plist; sourceTree = "<group>"; };
		CA4C8B442AE1C0A000BADA65 /* FlightApp.app */ = {isa = PBXFileReference; explicitFileType = wrapper.application; includeInIndex = 0; path = FlightApp.app; sourceTree = BUILT_PRODUCTS_DIR; };
		CA4C8B492AE1C0A000BADA65 /* ContentView.swift */ = {isa = PBXFileReference; lastKnownFileType = sourcecode.swift; path = ContentView.swift; sourceTree = "<group>"; };
		CA4C8B4B2AE1C0A000BADA65 /* Item.swift */ = {isa = PBXFileReference; lastKnownFileType = sourcecode.swift; path = Item.swift; sourceTree = "<group>"; };
		CA4C8B4D2AE1C0A100BADA65 /* Assets.xcassets */ = {isa = PBXFileReference; lastKnownFileType = folder.assetcatalog; path = Assets.xcassets; sourceTree = "<group>"; };
		CA4C8B502AE1C0A100BADA65 /* Preview Assets.xcassets */ = {isa = PBXFileReference; lastKnownFileType = folder.assetcatalog; path = "Preview Assets.xcassets"; sourceTree = "<group>"; };
		CA4C8B562AE1C0A100BADA65 /* FlightAppTests.xctest */ = {isa = PBXFileReference; explicitFileType = wrapper.cfbundle; includeInIndex = 0; path = FlightAppTests.xctest; sourceTree = BUILT_PRODUCTS_DIR; };
		CA4C8B5A2AE1C0A100BADA65 /* FlightAppTests.swift */ = {isa = PBXFileReference; lastKnownFileType = sourcecode.swift; path = FlightAppTests.swift; sourceTree = "<group>"; };
		CA4C8B602AE1C0A100BADA65 /* FlightAppUITests.xctest */ = {isa = PBXFileReference; explicitFileType = wrapper.cfbundle; includeInIndex = 0; path = FlightAppUITests.xctest; sourceTree = BUILT_PRODUCTS_DIR; };
		CA4C8B642AE1C0A100BADA65 /* FlightAppUITests.swift */ = {isa = PBXFileReference; lastKnownFileType = sourcecode.swift; path = FlightAppUITests.swift; sourceTree = "<group>"; };
		CA4C8B662AE1C0A100BADA65 /* FlightAppUITestsLaunchTests.swift */ = {isa = PBXFileReference; lastKnownFileType = sourcecode.swift; path = FlightAppUITestsLaunchTests.swift; sourceTree = "<group>"; };
		CA4C8BA82AE1D11600BADA65 /* HomeEndpoint.swift */ = {isa = PBXFileReference; lastKnownFileType = sourcecode.swift; path = HomeEndpoint.swift; sourceTree = "<group>"; };
		CA4C8BAD2AE1D1ED00BADA65 /* HomeViewModel.swift */ = {isa = PBXFileReference; lastKnownFileType = sourcecode.swift; path = HomeViewModel.swift; sourceTree = "<group>"; };
		CA4C8BC62AE280F800BADA65 /* NetworkConstants.swift */ = {isa = PBXFileReference; lastKnownFileType = sourcecode.swift; path = NetworkConstants.swift; sourceTree = "<group>"; };
		CA4C8BC92AE293E700BADA65 /* HomeNetworkProvider.swift */ = {isa = PBXFileReference; lastKnownFileType = sourcecode.swift; path = HomeNetworkProvider.swift; sourceTree = "<group>"; };
		CAADEE782AE32D0E00E9947C /* NetworkService.xcframework */ = {isa = PBXFileReference; lastKnownFileType = wrapper.xcframework; path = NetworkService.xcframework; sourceTree = "<group>"; };
		CAADEEA02AE3F09F00E9947C /* Coordinator.xcodeproj */ = {isa = PBXFileReference; lastKnownFileType = "wrapper.pb-project"; name = Coordinator.xcodeproj; path = Coordinator/Coordinator.xcodeproj; sourceTree = "<group>"; };
		CAADEEB32AE3F7EB00E9947C /* AppDelegate.swift */ = {isa = PBXFileReference; lastKnownFileType = sourcecode.swift; path = AppDelegate.swift; sourceTree = "<group>"; };
		CAADEEB62AE3F80400E9947C /* SceneDelegate.swift */ = {isa = PBXFileReference; lastKnownFileType = sourcecode.swift; path = SceneDelegate.swift; sourceTree = "<group>"; };
		CAADEEBB2AE3F84900E9947C /* HomeRouter.swift */ = {isa = PBXFileReference; lastKnownFileType = sourcecode.swift; path = HomeRouter.swift; sourceTree = "<group>"; };
		CAADEEBF2AE4080F00E9947C /* CoordinatorFactory.swift */ = {isa = PBXFileReference; lastKnownFileType = sourcecode.swift; path = CoordinatorFactory.swift; sourceTree = "<group>"; };
		CAADEEC22AE4086D00E9947C /* HomeViewFactory.swift */ = {isa = PBXFileReference; lastKnownFileType = sourcecode.swift; path = HomeViewFactory.swift; sourceTree = "<group>"; };
		CAADEEE02AE55FCE00E9947C /* ManagerFactory.swift */ = {isa = PBXFileReference; lastKnownFileType = sourcecode.swift; path = ManagerFactory.swift; sourceTree = "<group>"; };
		CAADEF1F2AE5757F00E9947C /* KeychainManager.xcodeproj */ = {isa = PBXFileReference; lastKnownFileType = "wrapper.pb-project"; name = KeychainManager.xcodeproj; path = KeychainManager/KeychainManager.xcodeproj; sourceTree = "<group>"; };
		CAADEF2A2AE57CCA00E9947C /* LocationManager.swift */ = {isa = PBXFileReference; lastKnownFileType = sourcecode.swift; path = LocationManager.swift; sourceTree = "<group>"; };
		CAADEF332AE58F4A00E9947C /* TokenManager.framework */ = {isa = PBXFileReference; explicitFileType = wrapper.framework; includeInIndex = 0; path = TokenManager.framework; sourceTree = BUILT_PRODUCTS_DIR; };
		CAADEF352AE58F4A00E9947C /* TokenManager.h */ = {isa = PBXFileReference; lastKnownFileType = sourcecode.c.h; path = TokenManager.h; sourceTree = "<group>"; };
		CAADEF3A2AE58F4B00E9947C /* TokenManagerTests.xctest */ = {isa = PBXFileReference; explicitFileType = wrapper.cfbundle; includeInIndex = 0; path = TokenManagerTests.xctest; sourceTree = BUILT_PRODUCTS_DIR; };
		CAADEF412AE58F4B00E9947C /* TokenManagerTests.swift */ = {isa = PBXFileReference; lastKnownFileType = sourcecode.swift; path = TokenManagerTests.swift; sourceTree = "<group>"; };
		CAADEF532AE58FAE00E9947C /* TokenManager.swift */ = {isa = PBXFileReference; lastKnownFileType = sourcecode.swift; path = TokenManager.swift; sourceTree = "<group>"; };
		CAADEF5A2AE5905F00E9947C /* UserData.swift */ = {isa = PBXFileReference; lastKnownFileType = sourcecode.swift; path = UserData.swift; sourceTree = "<group>"; };
		CAADEF5C2AE5907400E9947C /* NetworkConstants.swift */ = {isa = PBXFileReference; lastKnownFileType = sourcecode.swift; path = NetworkConstants.swift; sourceTree = "<group>"; };
		CAADEF5E2AE5911000E9947C /* TokenEndpoint.swift */ = {isa = PBXFileReference; lastKnownFileType = sourcecode.swift; path = TokenEndpoint.swift; sourceTree = "<group>"; };
		CAADEF622AE5914500E9947C /* APIConstants.swift */ = {isa = PBXFileReference; lastKnownFileType = sourcecode.swift; path = APIConstants.swift; sourceTree = "<group>"; };
		CAADEF642AE5921300E9947C /* APIKeyModel.swift */ = {isa = PBXFileReference; lastKnownFileType = sourcecode.swift; path = APIKeyModel.swift; sourceTree = "<group>"; };
		CAADEF662AE592D200E9947C /* TokenProvider.swift */ = {isa = PBXFileReference; lastKnownFileType = sourcecode.swift; path = TokenProvider.swift; sourceTree = "<group>"; };
		CAADEF692AE594E400E9947C /* TokenManagerKey.swift */ = {isa = PBXFileReference; lastKnownFileType = sourcecode.swift; path = TokenManagerKey.swift; sourceTree = "<group>"; };
		CAADEF6C2AE5969100E9947C /* AppManager.swift */ = {isa = PBXFileReference; lastKnownFileType = sourcecode.swift; path = AppManager.swift; sourceTree = "<group>"; };
		CAADEF6F2AE59BCE00E9947C /* TokenManagerFactory.swift */ = {isa = PBXFileReference; lastKnownFileType = sourcecode.swift; path = TokenManagerFactory.swift; sourceTree = "<group>"; };
/* End PBXFileReference section */

/* Begin PBXFrameworksBuildPhase section */
		CA4C8B412AE1C0A000BADA65 /* Frameworks */ = {
			isa = PBXFrameworksBuildPhase;
			buildActionMask = 2147483647;
			files = (
				CAADEE792AE32D0E00E9947C /* NetworkService.xcframework in Frameworks */,
				CAADEF252AE5758500E9947C /* libKeychainManager.a in Frameworks */,
				CAADEF462AE58F4B00E9947C /* TokenManager.framework in Frameworks */,
				CAADEEB82AE3F83100E9947C /* Coordinator.framework in Frameworks */,
			);
			runOnlyForDeploymentPostprocessing = 0;
		};
		CA4C8B532AE1C0A100BADA65 /* Frameworks */ = {
			isa = PBXFrameworksBuildPhase;
			buildActionMask = 2147483647;
			files = (
			);
			runOnlyForDeploymentPostprocessing = 0;
		};
		CA4C8B5D2AE1C0A100BADA65 /* Frameworks */ = {
			isa = PBXFrameworksBuildPhase;
			buildActionMask = 2147483647;
			files = (
			);
			runOnlyForDeploymentPostprocessing = 0;
		};
		CAADEF302AE58F4A00E9947C /* Frameworks */ = {
			isa = PBXFrameworksBuildPhase;
			buildActionMask = 2147483647;
			files = (
				CAADEF4E2AE58F5400E9947C /* NetworkService.xcframework in Frameworks */,
				CAADEF512AE58F5A00E9947C /* libKeychainManager.a in Frameworks */,
			);
			runOnlyForDeploymentPostprocessing = 0;
		};
		CAADEF372AE58F4B00E9947C /* Frameworks */ = {
			isa = PBXFrameworksBuildPhase;
			buildActionMask = 2147483647;
			files = (
				CAADEF3B2AE58F4B00E9947C /* TokenManager.framework in Frameworks */,
			);
			runOnlyForDeploymentPostprocessing = 0;
		};
/* End PBXFrameworksBuildPhase section */

/* Begin PBXGroup section */
		CA36E1FD2AE3070B00E075D8 /* DTO */ = {
			isa = PBXGroup;
			children = (
				CA36E2002AE3073700E075D8 /* FlightsDTO.swift */,
				CA36E2042AE3077800E075D8 /* StartLocationDTO.swift */,
			);
			path = DTO;
			sourceTree = "<group>";
		};
		CA36E1FE2AE3071200E075D8 /* Model */ = {
			isa = PBXGroup;
			children = (
				CA36E2062AE307D200E075D8 /* Flights.swift */,
			);
			path = Model;
			sourceTree = "<group>";
		};
		CA36E1FF2AE3071700E075D8 /* Entity */ = {
			isa = PBXGroup;
			children = (
				CA36E2022AE3075800E075D8 /* StartLocationEntity.swift */,
			);
			path = Entity;
			sourceTree = "<group>";
		};
		CA36E2082AE3096F00E075D8 /* APIDataSource */ = {
			isa = PBXGroup;
			children = (
				CA36E2092AE3099D00E075D8 /* HomeAPIDataSource.swift */,
			);
			path = APIDataSource;
			sourceTree = "<group>";
		};
		CA36E20B2AE30CD700E075D8 /* Error */ = {
			isa = PBXGroup;
			children = (
				CA36E20C2AE30CE700E075D8 /* DomainAPIError.swift */,
			);
			path = Error;
			sourceTree = "<group>";
		};
		CA36E20E2AE30D2E00E075D8 /* Repository */ = {
			isa = PBXGroup;
			children = (
				CA36E20F2AE30D5200E075D8 /* HomeRepository.swift */,
			);
			path = Repository;
			sourceTree = "<group>";
		};
		CA36E2112AE3107000E075D8 /* UseCase */ = {
			isa = PBXGroup;
			children = (
				CA36E2122AE310EB00E075D8 /* GetFlightsUseCase.swift */,
			);
			path = UseCase;
			sourceTree = "<group>";
		};
		CA4C8B3B2AE1C0A000BADA65 = {
			isa = PBXGroup;
			children = (
				CA4C8B462AE1C0A000BADA65 /* FlightApp */,
				CA4C8B592AE1C0A100BADA65 /* FlightAppTests */,
				CA4C8B632AE1C0A100BADA65 /* FlightAppUITests */,
				CAADEF342AE58F4A00E9947C /* TokenManager */,
				CAADEF402AE58F4B00E9947C /* TokenManagerTests */,
				CA4C8B452AE1C0A000BADA65 /* Products */,
				CAADEE772AE32D0E00E9947C /* Frameworks */,
			);
			sourceTree = "<group>";
		};
		CA4C8B452AE1C0A000BADA65 /* Products */ = {
			isa = PBXGroup;
			children = (
				CA4C8B442AE1C0A000BADA65 /* FlightApp.app */,
				CA4C8B562AE1C0A100BADA65 /* FlightAppTests.xctest */,
				CA4C8B602AE1C0A100BADA65 /* FlightAppUITests.xctest */,
				CAADEF332AE58F4A00E9947C /* TokenManager.framework */,
				CAADEF3A2AE58F4B00E9947C /* TokenManagerTests.xctest */,
			);
			name = Products;
			sourceTree = "<group>";
		};
		CA4C8B462AE1C0A000BADA65 /* FlightApp */ = {
			isa = PBXGroup;
			children = (
				CA36E2492AE31D5000E075D8 /* Info.plist */,
				CA4C8BC42AE280E900BADA65 /* Common */,
				CA4C8BB12AE2511A00BADA65 /* Core */,
				CA4C8BA52AE1D0A500BADA65 /* Home */,
				CA4C8B4B2AE1C0A000BADA65 /* Item.swift */,
				CA4C8B4D2AE1C0A100BADA65 /* Assets.xcassets */,
				CA4C8B4F2AE1C0A100BADA65 /* Preview Content */,
				CAADEEB32AE3F7EB00E9947C /* AppDelegate.swift */,
				CAADEEB62AE3F80400E9947C /* SceneDelegate.swift */,
			);
			path = FlightApp;
			sourceTree = "<group>";
		};
		CA4C8B4F2AE1C0A100BADA65 /* Preview Content */ = {
			isa = PBXGroup;
			children = (
				CA4C8B502AE1C0A100BADA65 /* Preview Assets.xcassets */,
			);
			path = "Preview Content";
			sourceTree = "<group>";
		};
		CA4C8B592AE1C0A100BADA65 /* FlightAppTests */ = {
			isa = PBXGroup;
			children = (
				CA4C8B5A2AE1C0A100BADA65 /* FlightAppTests.swift */,
			);
			path = FlightAppTests;
			sourceTree = "<group>";
		};
		CA4C8B632AE1C0A100BADA65 /* FlightAppUITests */ = {
			isa = PBXGroup;
			children = (
				CA4C8B642AE1C0A100BADA65 /* FlightAppUITests.swift */,
				CA4C8B662AE1C0A100BADA65 /* FlightAppUITestsLaunchTests.swift */,
			);
			path = FlightAppUITests;
			sourceTree = "<group>";
		};
		CA4C8BA52AE1D0A500BADA65 /* Home */ = {
			isa = PBXGroup;
			children = (
				CA4C8BA62AE1D0B700BADA65 /* API */,
				CA4C8BC32AE280C400BADA65 /* Domain */,
				CA4C8BC22AE280B900BADA65 /* Data */,
				CA4C8BAA2AE1D1CD00BADA65 /* Presentation */,
			);
			path = Home;
			sourceTree = "<group>";
		};
		CA4C8BA62AE1D0B700BADA65 /* API */ = {
			isa = PBXGroup;
			children = (
				CA4C8BA82AE1D11600BADA65 /* HomeEndpoint.swift */,
			);
			path = API;
			sourceTree = "<group>";
		};
		CA4C8BAA2AE1D1CD00BADA65 /* Presentation */ = {
			isa = PBXGroup;
			children = (
				CAADEEC42AE409AE00E9947C /* View */,
				CAADEEC12AE4085E00E9947C /* Factory */,
				CAADEEBA2AE3F83F00E9947C /* Router */,
				CA4C8BAB2AE1D1D500BADA65 /* ViewModel */,
			);
			path = Presentation;
			sourceTree = "<group>";
		};
		CA4C8BAB2AE1D1D500BADA65 /* ViewModel */ = {
			isa = PBXGroup;
			children = (
				CA4C8BAD2AE1D1ED00BADA65 /* HomeViewModel.swift */,
			);
			path = ViewModel;
			sourceTree = "<group>";
		};
		CA4C8BB12AE2511A00BADA65 /* Core */ = {
			isa = PBXGroup;
			children = (
				CAADEEE22AE5719700E9947C /* Managers */,
				CAADEEBE2AE407FD00E9947C /* Factories */,
			);
			path = Core;
			sourceTree = "<group>";
		};
		CA4C8BC22AE280B900BADA65 /* Data */ = {
			isa = PBXGroup;
			children = (
				CA36E2082AE3096F00E075D8 /* APIDataSource */,
				CA36E1FD2AE3070B00E075D8 /* DTO */,
				CA4C8BC82AE293D800BADA65 /* Provider */,
			);
			path = Data;
			sourceTree = "<group>";
		};
		CA4C8BC32AE280C400BADA65 /* Domain */ = {
			isa = PBXGroup;
			children = (
				CA36E2112AE3107000E075D8 /* UseCase */,
				CA36E20E2AE30D2E00E075D8 /* Repository */,
				CA36E1FF2AE3071700E075D8 /* Entity */,
				CA36E1FE2AE3071200E075D8 /* Model */,
			);
			path = Domain;
			sourceTree = "<group>";
		};
		CA4C8BC42AE280E900BADA65 /* Common */ = {
			isa = PBXGroup;
			children = (
				CA36E20B2AE30CD700E075D8 /* Error */,
				CA4C8BC52AE280ED00BADA65 /* Constants */,
			);
			path = Common;
			sourceTree = "<group>";
		};
		CA4C8BC52AE280ED00BADA65 /* Constants */ = {
			isa = PBXGroup;
			children = (
				CA4C8BC62AE280F800BADA65 /* NetworkConstants.swift */,
			);
			path = Constants;
			sourceTree = "<group>";
		};
		CA4C8BC82AE293D800BADA65 /* Provider */ = {
			isa = PBXGroup;
			children = (
				CA4C8BC92AE293E700BADA65 /* HomeNetworkProvider.swift */,
			);
			path = Provider;
			sourceTree = "<group>";
		};
		CAADEE772AE32D0E00E9947C /* Frameworks */ = {
			isa = PBXGroup;
			children = (
				CAADEF1F2AE5757F00E9947C /* KeychainManager.xcodeproj */,
				CAADEEA02AE3F09F00E9947C /* Coordinator.xcodeproj */,
				CAADEE782AE32D0E00E9947C /* NetworkService.xcframework */,
			);
			name = Frameworks;
			sourceTree = "<group>";
		};
		CAADEEA12AE3F09F00E9947C /* Products */ = {
			isa = PBXGroup;
			children = (
				CAADEEA62AE3F09F00E9947C /* Coordinator.framework */,
				CAADEEA82AE3F09F00E9947C /* CoordinatorTests.xctest */,
			);
			name = Products;
			sourceTree = "<group>";
		};
		CAADEEBA2AE3F83F00E9947C /* Router */ = {
			isa = PBXGroup;
			children = (
				CAADEEBB2AE3F84900E9947C /* HomeRouter.swift */,
			);
			path = Router;
			sourceTree = "<group>";
		};
		CAADEEBE2AE407FD00E9947C /* Factories */ = {
			isa = PBXGroup;
			children = (
				CAADEEBF2AE4080F00E9947C /* CoordinatorFactory.swift */,
				CAADEEE02AE55FCE00E9947C /* ManagerFactory.swift */,
			);
			path = Factories;
			sourceTree = "<group>";
		};
		CAADEEC12AE4085E00E9947C /* Factory */ = {
			isa = PBXGroup;
			children = (
				CAADEEC22AE4086D00E9947C /* HomeViewFactory.swift */,
			);
			path = Factory;
			sourceTree = "<group>";
		};
		CAADEEC42AE409AE00E9947C /* View */ = {
			isa = PBXGroup;
			children = (
				CA4C8B492AE1C0A000BADA65 /* ContentView.swift */,
			);
			path = View;
			sourceTree = "<group>";
		};
		CAADEEE22AE5719700E9947C /* Managers */ = {
			isa = PBXGroup;
			children = (
				CAADEF6B2AE5968800E9947C /* AppManager */,
				CAADEF292AE57CBE00E9947C /* Location */,
			);
			path = Managers;
			sourceTree = "<group>";
		};
		CAADEF202AE5757F00E9947C /* Products */ = {
			isa = PBXGroup;
			children = (
				CAADEF242AE5757F00E9947C /* libKeychainManager.a */,
			);
			name = Products;
			sourceTree = "<group>";
		};
		CAADEF292AE57CBE00E9947C /* Location */ = {
			isa = PBXGroup;
			children = (
				CAADEF2A2AE57CCA00E9947C /* LocationManager.swift */,
			);
			path = Location;
			sourceTree = "<group>";
		};
		CAADEF342AE58F4A00E9947C /* TokenManager */ = {
			isa = PBXGroup;
			children = (
				CAADEF6E2AE59BC200E9947C /* Factory */,
				CAADEF602AE5913100E9947C /* Entity */,
				CAADEF592AE5905700E9947C /* Model */,
				CAADEF582AE58FF800E9947C /* Constants */,
				CAADEF572AE58FEA00E9947C /* Endpoint */,
				CAADEF532AE58FAE00E9947C /* TokenManager.swift */,
				CAADEF552AE58FB200E9947C /* Provider */,
				CAADEF352AE58F4A00E9947C /* TokenManager.h */,
			);
			path = TokenManager;
			sourceTree = "<group>";
		};
		CAADEF402AE58F4B00E9947C /* TokenManagerTests */ = {
			isa = PBXGroup;
			children = (
				CAADEF412AE58F4B00E9947C /* TokenManagerTests.swift */,
			);
			path = TokenManagerTests;
			sourceTree = "<group>";
		};
		CAADEF552AE58FB200E9947C /* Provider */ = {
			isa = PBXGroup;
			children = (
				CAADEF662AE592D200E9947C /* TokenProvider.swift */,
			);
			path = Provider;
			sourceTree = "<group>";
		};
		CAADEF572AE58FEA00E9947C /* Endpoint */ = {
			isa = PBXGroup;
			children = (
				CAADEF5E2AE5911000E9947C /* TokenEndpoint.swift */,
			);
			path = Endpoint;
			sourceTree = "<group>";
		};
		CAADEF582AE58FF800E9947C /* Constants */ = {
			isa = PBXGroup;
			children = (
				CAADEF682AE594C900E9947C /* Keys */,
				CAADEF5C2AE5907400E9947C /* NetworkConstants.swift */,
				CAADEF622AE5914500E9947C /* APIConstants.swift */,
			);
			path = Constants;
			sourceTree = "<group>";
		};
		CAADEF592AE5905700E9947C /* Model */ = {
			isa = PBXGroup;
			children = (
				CAADEF5A2AE5905F00E9947C /* UserData.swift */,
			);
			path = Model;
			sourceTree = "<group>";
		};
		CAADEF602AE5913100E9947C /* Entity */ = {
			isa = PBXGroup;
			children = (
				CAADEF642AE5921300E9947C /* APIKeyModel.swift */,
			);
			path = Entity;
			sourceTree = "<group>";
		};
		CAADEF682AE594C900E9947C /* Keys */ = {
			isa = PBXGroup;
			children = (
				CAADEF692AE594E400E9947C /* TokenManagerKey.swift */,
			);
			path = Keys;
			sourceTree = "<group>";
		};
		CAADEF6B2AE5968800E9947C /* AppManager */ = {
			isa = PBXGroup;
			children = (
				CAADEF6C2AE5969100E9947C /* AppManager.swift */,
			);
			path = AppManager;
			sourceTree = "<group>";
		};
		CAADEF6E2AE59BC200E9947C /* Factory */ = {
			isa = PBXGroup;
			children = (
				CAADEF6F2AE59BCE00E9947C /* TokenManagerFactory.swift */,
			);
			path = Factory;
			sourceTree = "<group>";
		};
/* End PBXGroup section */

/* Begin PBXHeadersBuildPhase section */
		CAADEF2E2AE58F4A00E9947C /* Headers */ = {
			isa = PBXHeadersBuildPhase;
			buildActionMask = 2147483647;
			files = (
				CAADEF432AE58F4B00E9947C /* TokenManager.h in Headers */,
			);
			runOnlyForDeploymentPostprocessing = 0;
		};
/* End PBXHeadersBuildPhase section */

/* Begin PBXNativeTarget section */
		CA4C8B432AE1C0A000BADA65 /* FlightApp */ = {
			isa = PBXNativeTarget;
			buildConfigurationList = CA4C8B6A2AE1C0A100BADA65 /* Build configuration list for PBXNativeTarget "FlightApp" */;
			buildPhases = (
				CA4C8B402AE1C0A000BADA65 /* Sources */,
				CA4C8B412AE1C0A000BADA65 /* Frameworks */,
				CA4C8B422AE1C0A000BADA65 /* Resources */,
				CAADEE722AE3262600E9947C /* Embed Frameworks */,
			);
			buildRules = (
			);
			dependencies = (
				CAADEF452AE58F4B00E9947C /* PBXTargetDependency */,
			);
			name = FlightApp;
			productName = FlightApp;
			productReference = CA4C8B442AE1C0A000BADA65 /* FlightApp.app */;
			productType = "com.apple.product-type.application";
		};
		CA4C8B552AE1C0A100BADA65 /* FlightAppTests */ = {
			isa = PBXNativeTarget;
			buildConfigurationList = CA4C8B6D2AE1C0A100BADA65 /* Build configuration list for PBXNativeTarget "FlightAppTests" */;
			buildPhases = (
				CA4C8B522AE1C0A100BADA65 /* Sources */,
				CA4C8B532AE1C0A100BADA65 /* Frameworks */,
				CA4C8B542AE1C0A100BADA65 /* Resources */,
			);
			buildRules = (
			);
			dependencies = (
				CA4C8B582AE1C0A100BADA65 /* PBXTargetDependency */,
			);
			name = FlightAppTests;
			productName = FlightAppTests;
			productReference = CA4C8B562AE1C0A100BADA65 /* FlightAppTests.xctest */;
			productType = "com.apple.product-type.bundle.unit-test";
		};
		CA4C8B5F2AE1C0A100BADA65 /* FlightAppUITests */ = {
			isa = PBXNativeTarget;
			buildConfigurationList = CA4C8B702AE1C0A100BADA65 /* Build configuration list for PBXNativeTarget "FlightAppUITests" */;
			buildPhases = (
				CA4C8B5C2AE1C0A100BADA65 /* Sources */,
				CA4C8B5D2AE1C0A100BADA65 /* Frameworks */,
				CA4C8B5E2AE1C0A100BADA65 /* Resources */,
			);
			buildRules = (
			);
			dependencies = (
				CA4C8B622AE1C0A100BADA65 /* PBXTargetDependency */,
			);
			name = FlightAppUITests;
			productName = FlightAppUITests;
			productReference = CA4C8B602AE1C0A100BADA65 /* FlightAppUITests.xctest */;
			productType = "com.apple.product-type.bundle.ui-testing";
		};
		CAADEF322AE58F4A00E9947C /* TokenManager */ = {
			isa = PBXNativeTarget;
			buildConfigurationList = CAADEF482AE58F4B00E9947C /* Build configuration list for PBXNativeTarget "TokenManager" */;
			buildPhases = (
				CAADEF2E2AE58F4A00E9947C /* Headers */,
				CAADEF2F2AE58F4A00E9947C /* Sources */,
				CAADEF302AE58F4A00E9947C /* Frameworks */,
				CAADEF312AE58F4A00E9947C /* Resources */,
				CAADEF502AE58F5400E9947C /* Embed Frameworks */,
			);
			buildRules = (
			);
			dependencies = (
			);
			name = TokenManager;
			productName = TokenManager;
			productReference = CAADEF332AE58F4A00E9947C /* TokenManager.framework */;
			productType = "com.apple.product-type.framework";
		};
		CAADEF392AE58F4B00E9947C /* TokenManagerTests */ = {
			isa = PBXNativeTarget;
			buildConfigurationList = CAADEF4B2AE58F4B00E9947C /* Build configuration list for PBXNativeTarget "TokenManagerTests" */;
			buildPhases = (
				CAADEF362AE58F4B00E9947C /* Sources */,
				CAADEF372AE58F4B00E9947C /* Frameworks */,
				CAADEF382AE58F4B00E9947C /* Resources */,
			);
			buildRules = (
			);
			dependencies = (
				CAADEF3D2AE58F4B00E9947C /* PBXTargetDependency */,
				CAADEF3F2AE58F4B00E9947C /* PBXTargetDependency */,
			);
			name = TokenManagerTests;
			productName = TokenManagerTests;
			productReference = CAADEF3A2AE58F4B00E9947C /* TokenManagerTests.xctest */;
			productType = "com.apple.product-type.bundle.unit-test";
		};
/* End PBXNativeTarget section */

/* Begin PBXProject section */
		CA4C8B3C2AE1C0A000BADA65 /* Project object */ = {
			isa = PBXProject;
			attributes = {
				BuildIndependentTargetsInParallel = 1;
				LastSwiftUpdateCheck = 1500;
				LastUpgradeCheck = 1500;
				TargetAttributes = {
					CA4C8B432AE1C0A000BADA65 = {
						CreatedOnToolsVersion = 15.0;
					};
					CA4C8B552AE1C0A100BADA65 = {
						CreatedOnToolsVersion = 15.0;
						TestTargetID = CA4C8B432AE1C0A000BADA65;
					};
					CA4C8B5F2AE1C0A100BADA65 = {
						CreatedOnToolsVersion = 15.0;
						TestTargetID = CA4C8B432AE1C0A000BADA65;
					};
					CAADEF322AE58F4A00E9947C = {
						CreatedOnToolsVersion = 15.0;
						LastSwiftMigration = 1500;
					};
					CAADEF392AE58F4B00E9947C = {
						CreatedOnToolsVersion = 15.0;
						TestTargetID = CA4C8B432AE1C0A000BADA65;
					};
				};
			};
			buildConfigurationList = CA4C8B3F2AE1C0A000BADA65 /* Build configuration list for PBXProject "FlightApp" */;
			compatibilityVersion = "Xcode 14.0";
			developmentRegion = en;
			hasScannedForEncodings = 0;
			knownRegions = (
				en,
				Base,
			);
			mainGroup = CA4C8B3B2AE1C0A000BADA65;
			productRefGroup = CA4C8B452AE1C0A000BADA65 /* Products */;
			projectDirPath = "";
			projectReferences = (
				{
					ProductGroup = CAADEEA12AE3F09F00E9947C /* Products */;
					ProjectRef = CAADEEA02AE3F09F00E9947C /* Coordinator.xcodeproj */;
				},
				{
					ProductGroup = CAADEF202AE5757F00E9947C /* Products */;
					ProjectRef = CAADEF1F2AE5757F00E9947C /* KeychainManager.xcodeproj */;
				},
			);
			projectRoot = "";
			targets = (
				CA4C8B432AE1C0A000BADA65 /* FlightApp */,
				CA4C8B552AE1C0A100BADA65 /* FlightAppTests */,
				CA4C8B5F2AE1C0A100BADA65 /* FlightAppUITests */,
				CAADEF322AE58F4A00E9947C /* TokenManager */,
				CAADEF392AE58F4B00E9947C /* TokenManagerTests */,
			);
		};
/* End PBXProject section */

/* Begin PBXReferenceProxy section */
		CAADEEA62AE3F09F00E9947C /* Coordinator.framework */ = {
			isa = PBXReferenceProxy;
			fileType = wrapper.framework;
			path = Coordinator.framework;
			remoteRef = CAADEEA52AE3F09F00E9947C /* PBXContainerItemProxy */;
			sourceTree = BUILT_PRODUCTS_DIR;
		};
		CAADEEA82AE3F09F00E9947C /* CoordinatorTests.xctest */ = {
			isa = PBXReferenceProxy;
			fileType = wrapper.cfbundle;
			path = CoordinatorTests.xctest;
			remoteRef = CAADEEA72AE3F09F00E9947C /* PBXContainerItemProxy */;
			sourceTree = BUILT_PRODUCTS_DIR;
		};
		CAADEF242AE5757F00E9947C /* libKeychainManager.a */ = {
			isa = PBXReferenceProxy;
			fileType = archive.ar;
			path = libKeychainManager.a;
			remoteRef = CAADEF232AE5757F00E9947C /* PBXContainerItemProxy */;
			sourceTree = BUILT_PRODUCTS_DIR;
		};
/* End PBXReferenceProxy section */

/* Begin PBXResourcesBuildPhase section */
		CA4C8B422AE1C0A000BADA65 /* Resources */ = {
			isa = PBXResourcesBuildPhase;
			buildActionMask = 2147483647;
			files = (
				CA4C8B512AE1C0A100BADA65 /* Preview Assets.xcassets in Resources */,
				CA4C8B4E2AE1C0A100BADA65 /* Assets.xcassets in Resources */,
			);
			runOnlyForDeploymentPostprocessing = 0;
		};
		CA4C8B542AE1C0A100BADA65 /* Resources */ = {
			isa = PBXResourcesBuildPhase;
			buildActionMask = 2147483647;
			files = (
			);
			runOnlyForDeploymentPostprocessing = 0;
		};
		CA4C8B5E2AE1C0A100BADA65 /* Resources */ = {
			isa = PBXResourcesBuildPhase;
			buildActionMask = 2147483647;
			files = (
			);
			runOnlyForDeploymentPostprocessing = 0;
		};
		CAADEF312AE58F4A00E9947C /* Resources */ = {
			isa = PBXResourcesBuildPhase;
			buildActionMask = 2147483647;
			files = (
			);
			runOnlyForDeploymentPostprocessing = 0;
		};
		CAADEF382AE58F4B00E9947C /* Resources */ = {
			isa = PBXResourcesBuildPhase;
			buildActionMask = 2147483647;
			files = (
			);
			runOnlyForDeploymentPostprocessing = 0;
		};
/* End PBXResourcesBuildPhase section */

/* Begin PBXSourcesBuildPhase section */
		CA4C8B402AE1C0A000BADA65 /* Sources */ = {
			isa = PBXSourcesBuildPhase;
			buildActionMask = 2147483647;
			files = (
				CA36E20A2AE3099D00E075D8 /* HomeAPIDataSource.swift in Sources */,
				CA4C8BC72AE280F800BADA65 /* NetworkConstants.swift in Sources */,
				CA4C8BAE2AE1D1ED00BADA65 /* HomeViewModel.swift in Sources */,
				CA4C8BCA2AE293E700BADA65 /* HomeNetworkProvider.swift in Sources */,
				CA36E2052AE3077800E075D8 /* StartLocationDTO.swift in Sources */,
				CA36E2072AE307D200E075D8 /* Flights.swift in Sources */,
				CAADEF2B2AE57CCA00E9947C /* LocationManager.swift in Sources */,
				CAADEF6D2AE5969100E9947C /* AppManager.swift in Sources */,
				CAADEEC02AE4080F00E9947C /* CoordinatorFactory.swift in Sources */,
				CA36E2012AE3073700E075D8 /* FlightsDTO.swift in Sources */,
				CAADEEBC2AE3F84900E9947C /* HomeRouter.swift in Sources */,
				CAADEEB72AE3F80400E9947C /* SceneDelegate.swift in Sources */,
				CA4C8B4A2AE1C0A000BADA65 /* ContentView.swift in Sources */,
				CAADEEB42AE3F7EB00E9947C /* AppDelegate.swift in Sources */,
				CA36E2102AE30D5200E075D8 /* HomeRepository.swift in Sources */,
				CA36E20D2AE30CE700E075D8 /* DomainAPIError.swift in Sources */,
				CA4C8B4C2AE1C0A000BADA65 /* Item.swift in Sources */,
				CA36E2132AE310EB00E075D8 /* GetFlightsUseCase.swift in Sources */,
				CAADEEC32AE4086D00E9947C /* HomeViewFactory.swift in Sources */,
				CA36E2032AE3075800E075D8 /* StartLocationEntity.swift in Sources */,
				CAADEEE12AE55FCE00E9947C /* ManagerFactory.swift in Sources */,
				CA4C8BA92AE1D11600BADA65 /* HomeEndpoint.swift in Sources */,
			);
			runOnlyForDeploymentPostprocessing = 0;
		};
		CA4C8B522AE1C0A100BADA65 /* Sources */ = {
			isa = PBXSourcesBuildPhase;
			buildActionMask = 2147483647;
			files = (
				CA4C8B5B2AE1C0A100BADA65 /* FlightAppTests.swift in Sources */,
			);
			runOnlyForDeploymentPostprocessing = 0;
		};
		CA4C8B5C2AE1C0A100BADA65 /* Sources */ = {
			isa = PBXSourcesBuildPhase;
			buildActionMask = 2147483647;
			files = (
				CA4C8B672AE1C0A100BADA65 /* FlightAppUITestsLaunchTests.swift in Sources */,
				CA4C8B652AE1C0A100BADA65 /* FlightAppUITests.swift in Sources */,
			);
			runOnlyForDeploymentPostprocessing = 0;
		};
		CAADEF2F2AE58F4A00E9947C /* Sources */ = {
			isa = PBXSourcesBuildPhase;
			buildActionMask = 2147483647;
			files = (
				CAADEF652AE5921300E9947C /* APIKeyModel.swift in Sources */,
				CAADEF5F2AE5911000E9947C /* TokenEndpoint.swift in Sources */,
				CAADEF632AE5914500E9947C /* APIConstants.swift in Sources */,
				CAADEF702AE59BCE00E9947C /* TokenManagerFactory.swift in Sources */,
				CAADEF5D2AE5907400E9947C /* NetworkConstants.swift in Sources */,
				CAADEF5B2AE5905F00E9947C /* UserData.swift in Sources */,
				CAADEF6A2AE594E400E9947C /* TokenManagerKey.swift in Sources */,
				CAADEF672AE592D200E9947C /* TokenProvider.swift in Sources */,
				CAADEF542AE58FAE00E9947C /* TokenManager.swift in Sources */,
			);
			runOnlyForDeploymentPostprocessing = 0;
		};
		CAADEF362AE58F4B00E9947C /* Sources */ = {
			isa = PBXSourcesBuildPhase;
			buildActionMask = 2147483647;
			files = (
				CAADEF422AE58F4B00E9947C /* TokenManagerTests.swift in Sources */,
			);
			runOnlyForDeploymentPostprocessing = 0;
		};
/* End PBXSourcesBuildPhase section */

/* Begin PBXTargetDependency section */
		CA4C8B582AE1C0A100BADA65 /* PBXTargetDependency */ = {
			isa = PBXTargetDependency;
			target = CA4C8B432AE1C0A000BADA65 /* FlightApp */;
			targetProxy = CA4C8B572AE1C0A100BADA65 /* PBXContainerItemProxy */;
		};
		CA4C8B622AE1C0A100BADA65 /* PBXTargetDependency */ = {
			isa = PBXTargetDependency;
			target = CA4C8B432AE1C0A000BADA65 /* FlightApp */;
			targetProxy = CA4C8B612AE1C0A100BADA65 /* PBXContainerItemProxy */;
		};
		CAADEF3D2AE58F4B00E9947C /* PBXTargetDependency */ = {
			isa = PBXTargetDependency;
			target = CAADEF322AE58F4A00E9947C /* TokenManager */;
			targetProxy = CAADEF3C2AE58F4B00E9947C /* PBXContainerItemProxy */;
		};
		CAADEF3F2AE58F4B00E9947C /* PBXTargetDependency */ = {
			isa = PBXTargetDependency;
			target = CA4C8B432AE1C0A000BADA65 /* FlightApp */;
			targetProxy = CAADEF3E2AE58F4B00E9947C /* PBXContainerItemProxy */;
		};
		CAADEF452AE58F4B00E9947C /* PBXTargetDependency */ = {
			isa = PBXTargetDependency;
			target = CAADEF322AE58F4A00E9947C /* TokenManager */;
			targetProxy = CAADEF442AE58F4B00E9947C /* PBXContainerItemProxy */;
		};
/* End PBXTargetDependency section */

/* Begin XCBuildConfiguration section */
		CA4C8B682AE1C0A100BADA65 /* Debug */ = {
			isa = XCBuildConfiguration;
			buildSettings = {
				ALWAYS_SEARCH_USER_PATHS = NO;
				ASSETCATALOG_COMPILER_GENERATE_SWIFT_ASSET_SYMBOL_EXTENSIONS = YES;
				CLANG_ANALYZER_NONNULL = YES;
				CLANG_ANALYZER_NUMBER_OBJECT_CONVERSION = YES_AGGRESSIVE;
				CLANG_CXX_LANGUAGE_STANDARD = "gnu++20";
				CLANG_ENABLE_MODULES = YES;
				CLANG_ENABLE_OBJC_ARC = YES;
				CLANG_ENABLE_OBJC_WEAK = YES;
				CLANG_WARN_BLOCK_CAPTURE_AUTORELEASING = YES;
				CLANG_WARN_BOOL_CONVERSION = YES;
				CLANG_WARN_COMMA = YES;
				CLANG_WARN_CONSTANT_CONVERSION = YES;
				CLANG_WARN_DEPRECATED_OBJC_IMPLEMENTATIONS = YES;
				CLANG_WARN_DIRECT_OBJC_ISA_USAGE = YES_ERROR;
				CLANG_WARN_DOCUMENTATION_COMMENTS = YES;
				CLANG_WARN_EMPTY_BODY = YES;
				CLANG_WARN_ENUM_CONVERSION = YES;
				CLANG_WARN_INFINITE_RECURSION = YES;
				CLANG_WARN_INT_CONVERSION = YES;
				CLANG_WARN_NON_LITERAL_NULL_CONVERSION = YES;
				CLANG_WARN_OBJC_IMPLICIT_RETAIN_SELF = YES;
				CLANG_WARN_OBJC_LITERAL_CONVERSION = YES;
				CLANG_WARN_OBJC_ROOT_CLASS = YES_ERROR;
				CLANG_WARN_QUOTED_INCLUDE_IN_FRAMEWORK_HEADER = YES;
				CLANG_WARN_RANGE_LOOP_ANALYSIS = YES;
				CLANG_WARN_STRICT_PROTOTYPES = YES;
				CLANG_WARN_SUSPICIOUS_MOVE = YES;
				CLANG_WARN_UNGUARDED_AVAILABILITY = YES_AGGRESSIVE;
				CLANG_WARN_UNREACHABLE_CODE = YES;
				CLANG_WARN__DUPLICATE_METHOD_MATCH = YES;
				COPY_PHASE_STRIP = NO;
				DEBUG_INFORMATION_FORMAT = dwarf;
				ENABLE_STRICT_OBJC_MSGSEND = YES;
				ENABLE_TESTABILITY = YES;
				ENABLE_USER_SCRIPT_SANDBOXING = YES;
				GCC_C_LANGUAGE_STANDARD = gnu17;
				GCC_DYNAMIC_NO_PIC = NO;
				GCC_NO_COMMON_BLOCKS = YES;
				GCC_OPTIMIZATION_LEVEL = 0;
				GCC_PREPROCESSOR_DEFINITIONS = (
					"DEBUG=1",
					"$(inherited)",
				);
				GCC_WARN_64_TO_32_BIT_CONVERSION = YES;
				GCC_WARN_ABOUT_RETURN_TYPE = YES_ERROR;
				GCC_WARN_UNDECLARED_SELECTOR = YES;
				GCC_WARN_UNINITIALIZED_AUTOS = YES_AGGRESSIVE;
				GCC_WARN_UNUSED_FUNCTION = YES;
				GCC_WARN_UNUSED_VARIABLE = YES;
				IPHONEOS_DEPLOYMENT_TARGET = 17.0;
				LOCALIZATION_PREFERS_STRING_CATALOGS = YES;
				MTL_ENABLE_DEBUG_INFO = INCLUDE_SOURCE;
				MTL_FAST_MATH = YES;
				ONLY_ACTIVE_ARCH = YES;
				SDKROOT = iphoneos;
				SWIFT_ACTIVE_COMPILATION_CONDITIONS = "DEBUG $(inherited)";
				SWIFT_OPTIMIZATION_LEVEL = "-Onone";
			};
			name = Debug;
		};
		CA4C8B692AE1C0A100BADA65 /* Release */ = {
			isa = XCBuildConfiguration;
			buildSettings = {
				ALWAYS_SEARCH_USER_PATHS = NO;
				ASSETCATALOG_COMPILER_GENERATE_SWIFT_ASSET_SYMBOL_EXTENSIONS = YES;
				CLANG_ANALYZER_NONNULL = YES;
				CLANG_ANALYZER_NUMBER_OBJECT_CONVERSION = YES_AGGRESSIVE;
				CLANG_CXX_LANGUAGE_STANDARD = "gnu++20";
				CLANG_ENABLE_MODULES = YES;
				CLANG_ENABLE_OBJC_ARC = YES;
				CLANG_ENABLE_OBJC_WEAK = YES;
				CLANG_WARN_BLOCK_CAPTURE_AUTORELEASING = YES;
				CLANG_WARN_BOOL_CONVERSION = YES;
				CLANG_WARN_COMMA = YES;
				CLANG_WARN_CONSTANT_CONVERSION = YES;
				CLANG_WARN_DEPRECATED_OBJC_IMPLEMENTATIONS = YES;
				CLANG_WARN_DIRECT_OBJC_ISA_USAGE = YES_ERROR;
				CLANG_WARN_DOCUMENTATION_COMMENTS = YES;
				CLANG_WARN_EMPTY_BODY = YES;
				CLANG_WARN_ENUM_CONVERSION = YES;
				CLANG_WARN_INFINITE_RECURSION = YES;
				CLANG_WARN_INT_CONVERSION = YES;
				CLANG_WARN_NON_LITERAL_NULL_CONVERSION = YES;
				CLANG_WARN_OBJC_IMPLICIT_RETAIN_SELF = YES;
				CLANG_WARN_OBJC_LITERAL_CONVERSION = YES;
				CLANG_WARN_OBJC_ROOT_CLASS = YES_ERROR;
				CLANG_WARN_QUOTED_INCLUDE_IN_FRAMEWORK_HEADER = YES;
				CLANG_WARN_RANGE_LOOP_ANALYSIS = YES;
				CLANG_WARN_STRICT_PROTOTYPES = YES;
				CLANG_WARN_SUSPICIOUS_MOVE = YES;
				CLANG_WARN_UNGUARDED_AVAILABILITY = YES_AGGRESSIVE;
				CLANG_WARN_UNREACHABLE_CODE = YES;
				CLANG_WARN__DUPLICATE_METHOD_MATCH = YES;
				COPY_PHASE_STRIP = NO;
				DEBUG_INFORMATION_FORMAT = "dwarf-with-dsym";
				ENABLE_NS_ASSERTIONS = NO;
				ENABLE_STRICT_OBJC_MSGSEND = YES;
				ENABLE_USER_SCRIPT_SANDBOXING = YES;
				GCC_C_LANGUAGE_STANDARD = gnu17;
				GCC_NO_COMMON_BLOCKS = YES;
				GCC_WARN_64_TO_32_BIT_CONVERSION = YES;
				GCC_WARN_ABOUT_RETURN_TYPE = YES_ERROR;
				GCC_WARN_UNDECLARED_SELECTOR = YES;
				GCC_WARN_UNINITIALIZED_AUTOS = YES_AGGRESSIVE;
				GCC_WARN_UNUSED_FUNCTION = YES;
				GCC_WARN_UNUSED_VARIABLE = YES;
				IPHONEOS_DEPLOYMENT_TARGET = 17.0;
				LOCALIZATION_PREFERS_STRING_CATALOGS = YES;
				MTL_ENABLE_DEBUG_INFO = NO;
				MTL_FAST_MATH = YES;
				SDKROOT = iphoneos;
				SWIFT_COMPILATION_MODE = wholemodule;
				VALIDATE_PRODUCT = YES;
			};
			name = Release;
		};
		CA4C8B6B2AE1C0A100BADA65 /* Debug */ = {
			isa = XCBuildConfiguration;
			buildSettings = {
				ALWAYS_EMBED_SWIFT_STANDARD_LIBRARIES = YES;
				ASSETCATALOG_COMPILER_APPICON_NAME = AppIcon;
				ASSETCATALOG_COMPILER_GLOBAL_ACCENT_COLOR_NAME = AccentColor;
				CODE_SIGN_STYLE = Automatic;
				CURRENT_PROJECT_VERSION = 1;
				DEVELOPMENT_ASSET_PATHS = "\"FlightApp/Preview Content\"";
				ENABLE_PREVIEWS = YES;
				GENERATE_INFOPLIST_FILE = YES;
				INFOPLIST_FILE = FlightApp/Info.plist;
				INFOPLIST_KEY_UIApplicationSceneManifest_Generation = YES;
				INFOPLIST_KEY_UIApplicationSupportsIndirectInputEvents = YES;
				INFOPLIST_KEY_UILaunchScreen_Generation = YES;
				INFOPLIST_KEY_UISupportedInterfaceOrientations_iPad = "UIInterfaceOrientationPortrait UIInterfaceOrientationPortraitUpsideDown UIInterfaceOrientationLandscapeLeft UIInterfaceOrientationLandscapeRight";
				INFOPLIST_KEY_UISupportedInterfaceOrientations_iPhone = "UIInterfaceOrientationPortrait UIInterfaceOrientationLandscapeLeft UIInterfaceOrientationLandscapeRight";
				LD_RUNPATH_SEARCH_PATHS = (
					"$(inherited)",
					"@executable_path/Frameworks",
				);
				MARKETING_VERSION = 1.0;
				PRODUCT_BUNDLE_IDENTIFIER = FlightApp.FlightApp;
				PRODUCT_NAME = "$(TARGET_NAME)";
				SWIFT_EMIT_LOC_STRINGS = YES;
				SWIFT_VERSION = 5.0;
				TARGETED_DEVICE_FAMILY = "1,2";
			};
			name = Debug;
		};
		CA4C8B6C2AE1C0A100BADA65 /* Release */ = {
			isa = XCBuildConfiguration;
			buildSettings = {
				ALWAYS_EMBED_SWIFT_STANDARD_LIBRARIES = YES;
				ASSETCATALOG_COMPILER_APPICON_NAME = AppIcon;
				ASSETCATALOG_COMPILER_GLOBAL_ACCENT_COLOR_NAME = AccentColor;
				CODE_SIGN_STYLE = Automatic;
				CURRENT_PROJECT_VERSION = 1;
				DEVELOPMENT_ASSET_PATHS = "\"FlightApp/Preview Content\"";
				ENABLE_PREVIEWS = YES;
				GENERATE_INFOPLIST_FILE = YES;
				INFOPLIST_FILE = FlightApp/Info.plist;
				INFOPLIST_KEY_UIApplicationSceneManifest_Generation = YES;
				INFOPLIST_KEY_UIApplicationSupportsIndirectInputEvents = YES;
				INFOPLIST_KEY_UILaunchScreen_Generation = YES;
				INFOPLIST_KEY_UISupportedInterfaceOrientations_iPad = "UIInterfaceOrientationPortrait UIInterfaceOrientationPortraitUpsideDown UIInterfaceOrientationLandscapeLeft UIInterfaceOrientationLandscapeRight";
				INFOPLIST_KEY_UISupportedInterfaceOrientations_iPhone = "UIInterfaceOrientationPortrait UIInterfaceOrientationLandscapeLeft UIInterfaceOrientationLandscapeRight";
				LD_RUNPATH_SEARCH_PATHS = (
					"$(inherited)",
					"@executable_path/Frameworks",
				);
				MARKETING_VERSION = 1.0;
				PRODUCT_BUNDLE_IDENTIFIER = FlightApp.FlightApp;
				PRODUCT_NAME = "$(TARGET_NAME)";
				SWIFT_EMIT_LOC_STRINGS = YES;
				SWIFT_VERSION = 5.0;
				TARGETED_DEVICE_FAMILY = "1,2";
			};
			name = Release;
		};
		CA4C8B6E2AE1C0A100BADA65 /* Debug */ = {
			isa = XCBuildConfiguration;
			buildSettings = {
				ALWAYS_EMBED_SWIFT_STANDARD_LIBRARIES = YES;
				BUNDLE_LOADER = "$(TEST_HOST)";
				CODE_SIGN_STYLE = Automatic;
				CURRENT_PROJECT_VERSION = 1;
				GENERATE_INFOPLIST_FILE = YES;
				IPHONEOS_DEPLOYMENT_TARGET = 17.0;
				MARKETING_VERSION = 1.0;
				PRODUCT_BUNDLE_IDENTIFIER = FlightApp.FlightAppTests;
				PRODUCT_NAME = "$(TARGET_NAME)";
				SWIFT_EMIT_LOC_STRINGS = NO;
				SWIFT_VERSION = 5.0;
				TARGETED_DEVICE_FAMILY = "1,2";
				TEST_HOST = "$(BUILT_PRODUCTS_DIR)/FlightApp.app/$(BUNDLE_EXECUTABLE_FOLDER_PATH)/FlightApp";
			};
			name = Debug;
		};
		CA4C8B6F2AE1C0A100BADA65 /* Release */ = {
			isa = XCBuildConfiguration;
			buildSettings = {
				ALWAYS_EMBED_SWIFT_STANDARD_LIBRARIES = YES;
				BUNDLE_LOADER = "$(TEST_HOST)";
				CODE_SIGN_STYLE = Automatic;
				CURRENT_PROJECT_VERSION = 1;
				GENERATE_INFOPLIST_FILE = YES;
				IPHONEOS_DEPLOYMENT_TARGET = 17.0;
				MARKETING_VERSION = 1.0;
				PRODUCT_BUNDLE_IDENTIFIER = FlightApp.FlightAppTests;
				PRODUCT_NAME = "$(TARGET_NAME)";
				SWIFT_EMIT_LOC_STRINGS = NO;
				SWIFT_VERSION = 5.0;
				TARGETED_DEVICE_FAMILY = "1,2";
				TEST_HOST = "$(BUILT_PRODUCTS_DIR)/FlightApp.app/$(BUNDLE_EXECUTABLE_FOLDER_PATH)/FlightApp";
			};
			name = Release;
		};
		CA4C8B712AE1C0A100BADA65 /* Debug */ = {
			isa = XCBuildConfiguration;
			buildSettings = {
				ALWAYS_EMBED_SWIFT_STANDARD_LIBRARIES = YES;
				CODE_SIGN_STYLE = Automatic;
				CURRENT_PROJECT_VERSION = 1;
				GENERATE_INFOPLIST_FILE = YES;
				MARKETING_VERSION = 1.0;
				PRODUCT_BUNDLE_IDENTIFIER = FlightApp.FlightAppUITests;
				PRODUCT_NAME = "$(TARGET_NAME)";
				SWIFT_EMIT_LOC_STRINGS = NO;
				SWIFT_VERSION = 5.0;
				TARGETED_DEVICE_FAMILY = "1,2";
				TEST_TARGET_NAME = FlightApp;
			};
			name = Debug;
		};
		CA4C8B722AE1C0A100BADA65 /* Release */ = {
			isa = XCBuildConfiguration;
			buildSettings = {
				ALWAYS_EMBED_SWIFT_STANDARD_LIBRARIES = YES;
				CODE_SIGN_STYLE = Automatic;
				CURRENT_PROJECT_VERSION = 1;
				GENERATE_INFOPLIST_FILE = YES;
				MARKETING_VERSION = 1.0;
				PRODUCT_BUNDLE_IDENTIFIER = FlightApp.FlightAppUITests;
				PRODUCT_NAME = "$(TARGET_NAME)";
				SWIFT_EMIT_LOC_STRINGS = NO;
				SWIFT_VERSION = 5.0;
				TARGETED_DEVICE_FAMILY = "1,2";
				TEST_TARGET_NAME = FlightApp;
			};
			name = Release;
		};
		CAADEF492AE58F4B00E9947C /* Debug */ = {
			isa = XCBuildConfiguration;
			buildSettings = {
				CLANG_ENABLE_MODULES = YES;
				CODE_SIGN_STYLE = Automatic;
				CURRENT_PROJECT_VERSION = 1;
				DEFINES_MODULE = YES;
				DYLIB_COMPATIBILITY_VERSION = 1;
				DYLIB_CURRENT_VERSION = 1;
				DYLIB_INSTALL_NAME_BASE = "@rpath";
				ENABLE_MODULE_VERIFIER = YES;
				GENERATE_INFOPLIST_FILE = YES;
				INFOPLIST_KEY_NSHumanReadableCopyright = "";
				INSTALL_PATH = "$(LOCAL_LIBRARY_DIR)/Frameworks";
				LD_RUNPATH_SEARCH_PATHS = (
					"$(inherited)",
					"@executable_path/Frameworks",
					"@loader_path/Frameworks",
				);
				MARKETING_VERSION = 1.0;
				MODULE_VERIFIER_SUPPORTED_LANGUAGES = "objective-c objective-c++";
				MODULE_VERIFIER_SUPPORTED_LANGUAGE_STANDARDS = "gnu17 gnu++20";
				PRODUCT_BUNDLE_IDENTIFIER = FlightApp.TokenManager;
				PRODUCT_NAME = "$(TARGET_NAME:c99extidentifier)";
				SKIP_INSTALL = YES;
				SWIFT_EMIT_LOC_STRINGS = YES;
				SWIFT_OPTIMIZATION_LEVEL = "-Onone";
				SWIFT_VERSION = 5.0;
				TARGETED_DEVICE_FAMILY = "1,2";
				VERSIONING_SYSTEM = "apple-generic";
				VERSION_INFO_PREFIX = "";
			};
			name = Debug;
		};
		CAADEF4A2AE58F4B00E9947C /* Release */ = {
			isa = XCBuildConfiguration;
			buildSettings = {
				CLANG_ENABLE_MODULES = YES;
				CODE_SIGN_STYLE = Automatic;
				CURRENT_PROJECT_VERSION = 1;
				DEFINES_MODULE = YES;
				DYLIB_COMPATIBILITY_VERSION = 1;
				DYLIB_CURRENT_VERSION = 1;
				DYLIB_INSTALL_NAME_BASE = "@rpath";
				ENABLE_MODULE_VERIFIER = YES;
				GENERATE_INFOPLIST_FILE = YES;
				INFOPLIST_KEY_NSHumanReadableCopyright = "";
				INSTALL_PATH = "$(LOCAL_LIBRARY_DIR)/Frameworks";
				LD_RUNPATH_SEARCH_PATHS = (
					"$(inherited)",
					"@executable_path/Frameworks",
					"@loader_path/Frameworks",
				);
				MARKETING_VERSION = 1.0;
				MODULE_VERIFIER_SUPPORTED_LANGUAGES = "objective-c objective-c++";
				MODULE_VERIFIER_SUPPORTED_LANGUAGE_STANDARDS = "gnu17 gnu++20";
				PRODUCT_BUNDLE_IDENTIFIER = FlightApp.TokenManager;
				PRODUCT_NAME = "$(TARGET_NAME:c99extidentifier)";
				SKIP_INSTALL = YES;
				SWIFT_EMIT_LOC_STRINGS = YES;
				SWIFT_VERSION = 5.0;
				TARGETED_DEVICE_FAMILY = "1,2";
				VERSIONING_SYSTEM = "apple-generic";
				VERSION_INFO_PREFIX = "";
			};
			name = Release;
		};
		CAADEF4C2AE58F4B00E9947C /* Debug */ = {
			isa = XCBuildConfiguration;
			buildSettings = {
				ALWAYS_EMBED_SWIFT_STANDARD_LIBRARIES = YES;
				CODE_SIGN_STYLE = Automatic;
				CURRENT_PROJECT_VERSION = 1;
				GENERATE_INFOPLIST_FILE = YES;
				MARKETING_VERSION = 1.0;
				PRODUCT_BUNDLE_IDENTIFIER = FlightApp.TokenManagerTests;
				PRODUCT_NAME = "$(TARGET_NAME)";
				SWIFT_EMIT_LOC_STRINGS = NO;
				SWIFT_VERSION = 5.0;
				TARGETED_DEVICE_FAMILY = "1,2";
				TEST_HOST = "$(BUILT_PRODUCTS_DIR)/FlightApp.app/$(BUNDLE_EXECUTABLE_FOLDER_PATH)/FlightApp";
			};
			name = Debug;
		};
		CAADEF4D2AE58F4B00E9947C /* Release */ = {
			isa = XCBuildConfiguration;
			buildSettings = {
				ALWAYS_EMBED_SWIFT_STANDARD_LIBRARIES = YES;
				CODE_SIGN_STYLE = Automatic;
				CURRENT_PROJECT_VERSION = 1;
				GENERATE_INFOPLIST_FILE = YES;
				MARKETING_VERSION = 1.0;
				PRODUCT_BUNDLE_IDENTIFIER = FlightApp.TokenManagerTests;
				PRODUCT_NAME = "$(TARGET_NAME)";
				SWIFT_EMIT_LOC_STRINGS = NO;
				SWIFT_VERSION = 5.0;
				TARGETED_DEVICE_FAMILY = "1,2";
				TEST_HOST = "$(BUILT_PRODUCTS_DIR)/FlightApp.app/$(BUNDLE_EXECUTABLE_FOLDER_PATH)/FlightApp";
			};
			name = Release;
		};
/* End XCBuildConfiguration section */

/* Begin XCConfigurationList section */
		CA4C8B3F2AE1C0A000BADA65 /* Build configuration list for PBXProject "FlightApp" */ = {
			isa = XCConfigurationList;
			buildConfigurations = (
				CA4C8B682AE1C0A100BADA65 /* Debug */,
				CA4C8B692AE1C0A100BADA65 /* Release */,
			);
			defaultConfigurationIsVisible = 0;
			defaultConfigurationName = Release;
		};
		CA4C8B6A2AE1C0A100BADA65 /* Build configuration list for PBXNativeTarget "FlightApp" */ = {
			isa = XCConfigurationList;
			buildConfigurations = (
				CA4C8B6B2AE1C0A100BADA65 /* Debug */,
				CA4C8B6C2AE1C0A100BADA65 /* Release */,
			);
			defaultConfigurationIsVisible = 0;
			defaultConfigurationName = Release;
		};
		CA4C8B6D2AE1C0A100BADA65 /* Build configuration list for PBXNativeTarget "FlightAppTests" */ = {
			isa = XCConfigurationList;
			buildConfigurations = (
				CA4C8B6E2AE1C0A100BADA65 /* Debug */,
				CA4C8B6F2AE1C0A100BADA65 /* Release */,
			);
			defaultConfigurationIsVisible = 0;
			defaultConfigurationName = Release;
		};
		CA4C8B702AE1C0A100BADA65 /* Build configuration list for PBXNativeTarget "FlightAppUITests" */ = {
			isa = XCConfigurationList;
			buildConfigurations = (
				CA4C8B712AE1C0A100BADA65 /* Debug */,
				CA4C8B722AE1C0A100BADA65 /* Release */,
			);
			defaultConfigurationIsVisible = 0;
			defaultConfigurationName = Release;
		};
		CAADEF482AE58F4B00E9947C /* Build configuration list for PBXNativeTarget "TokenManager" */ = {
			isa = XCConfigurationList;
			buildConfigurations = (
				CAADEF492AE58F4B00E9947C /* Debug */,
				CAADEF4A2AE58F4B00E9947C /* Release */,
			);
			defaultConfigurationIsVisible = 0;
			defaultConfigurationName = Release;
		};
		CAADEF4B2AE58F4B00E9947C /* Build configuration list for PBXNativeTarget "TokenManagerTests" */ = {
			isa = XCConfigurationList;
			buildConfigurations = (
				CAADEF4C2AE58F4B00E9947C /* Debug */,
				CAADEF4D2AE58F4B00E9947C /* Release */,
			);
			defaultConfigurationIsVisible = 0;
			defaultConfigurationName = Release;
		};
/* End XCConfigurationList section */
	};
	rootObject = CA4C8B3C2AE1C0A000BADA65 /* Project object */;
}
